{
  "name": "markdown-language-features",
  "version": "1.0.0",
  "lockfileVersion": 3,
  "requires": true,
  "packages": {
    "": {
      "name": "markdown-language-features",
      "version": "1.0.0",
      "license": "MIT",
      "dependencies": {
        "@vscode/extension-telemetry": "^0.9.8",
        "dompurify": "^3.4.12",
        "highlight.js": "^11.8.0",
        "markdown-it": "^14.3.0",
        "markdown-it-front-matter": "^0.2.4",
        "morphdom": "^2.7.4",
        "picomatch": "^2.3.1",
        "punycode": "^2.3.1",
        "vscode-languageclient": "^10.1.0",
        "vscode-languageserver-textdocument": "^1.0.11",
        "vscode-markdown-languageserver": "^0.5.0-alpha.12",
        "vscode-uri": "^3.0.3"
      },
      "devDependencies": {
        "@types/dompurify": "^3.0.5",
        "@types/lodash.throttle": "^4.1.9",
        "@types/markdown-it": "12.2.3",
        "@types/picomatch": "^2.3.0",
        "@types/vscode-notebook-renderer": "^1.60.0",
        "@types/vscode-webview": "^1.57.0",
        "@vscode/markdown-it-katex": "^1.1.1",
        "lodash.throttle": "^4.1.1",
        "vscode-languageserver-types": "^3.17.2",
        "vscode-markdown-languageservice": "^0.3.0-alpha.3"
      },
      "engines": {
        "vscode": "^1.70.0"
      }
    },
    "node_modules/@microsoft/1ds-core-js": {
      "version": "4.3.4",
      "resolved": "https://registry.npmjs.org/@microsoft/1ds-core-js/-/1ds-core-js-4.3.4.tgz",
      "integrity": "sha512-3gbDUQgAO8EoyQTNcAEkxpuPnioC0May13P1l1l0NKZ128L9Ts/sj8QsfwCRTjHz0HThlA+4FptcAJXNYUy3rg==",
      "license": "MIT",
      "dependencies": {
        "@microsoft/applicationinsights-core-js": "3.3.4",
        "@microsoft/applicationinsights-shims": "3.0.1",
        "@microsoft/dynamicproto-js": "^2.0.3",
        "@nevware21/ts-async": ">= 0.5.2 < 2.x",
        "@nevware21/ts-utils": ">= 0.11.3 < 2.x"
      }
    },
    "node_modules/@microsoft/1ds-post-js": {
      "version": "4.3.4",
      "resolved": "https://registry.npmjs.org/@microsoft/1ds-post-js/-/1ds-post-js-4.3.4.tgz",
      "integrity": "sha512-nlKjWricDj0Tn68Dt0P8lX9a+X7LYrqJ6/iSfQwMfDhRIGLqW+wxx8gxS+iGWC/oc8zMQAeiZaemUpCwQcwpRQ==",
      "license": "MIT",
      "dependencies": {
        "@microsoft/1ds-core-js": "4.3.4",
        "@microsoft/applicationinsights-shims": "3.0.1",
        "@microsoft/dynamicproto-js": "^2.0.3",
        "@nevware21/ts-async": ">= 0.5.2 < 2.x",
        "@nevware21/ts-utils": ">= 0.11.3 < 2.x"
      }
    },
    "node_modules/@microsoft/applicationinsights-channel-js": {
      "version": "3.3.4",
      "resolved": "https://registry.npmjs.org/@microsoft/applicationinsights-channel-js/-/applicationinsights-channel-js-3.3.4.tgz",
      "integrity": "sha512-Z4nrxYwGKP9iyrYtm7iPQXVOFy4FsEsX0nDKkAi96Qpgw+vEh6NH4ORxMMuES0EollBQ3faJyvYCwckuCVIj0g==",
      "license": "MIT",
      "dependencies": {
        "@microsoft/applicationinsights-common": "3.3.4",
        "@microsoft/applicationinsights-core-js": "3.3.4",
        "@microsoft/applicationinsights-shims": "3.0.1",
        "@microsoft/dynamicproto-js": "^2.0.3",
        "@nevware21/ts-async": ">= 0.5.2 < 2.x",
        "@nevware21/ts-utils": ">= 0.11.3 < 2.x"
      },
      "peerDependencies": {
        "tslib": ">= 1.0.0"
      }
    },
    "node_modules/@microsoft/applicationinsights-common": {
      "version": "3.3.4",
      "resolved": "https://registry.npmjs.org/@microsoft/applicationinsights-common/-/applicationinsights-common-3.3.4.tgz",
      "integrity": "sha512-4ms16MlIvcP4WiUPqopifNxcWCcrXQJ2ADAK/75uok2mNQe6ZNRsqb/P+pvhUxc8A5HRlvoXPP1ptDSN5Girgw==",
      "license": "MIT",
      "dependencies": {
        "@microsoft/applicationinsights-core-js": "3.3.4",
        "@microsoft/applicationinsights-shims": "3.0.1",
        "@microsoft/dynamicproto-js": "^2.0.3",
        "@nevware21/ts-utils": ">= 0.11.3 < 2.x"
      },
      "peerDependencies": {
        "tslib": ">= 1.0.0"
      }
    },
    "node_modules/@microsoft/applicationinsights-core-js": {
      "version": "3.3.4",
      "resolved": "https://registry.npmjs.org/@microsoft/applicationinsights-core-js/-/applicationinsights-core-js-3.3.4.tgz",
      "integrity": "sha512-MummANF0mgKIkdvVvfmHQTBliK114IZLRhTL0X0Ep+zjDwWMHqYZgew0nlFKAl6ggu42abPZFK5afpE7qjtYJA==",
      "license": "MIT",
      "dependencies": {
        "@microsoft/applicationinsights-shims": "3.0.1",
        "@microsoft/dynamicproto-js": "^2.0.3",
        "@nevware21/ts-async": ">= 0.5.2 < 2.x",
        "@nevware21/ts-utils": ">= 0.11.3 < 2.x"
      },
      "peerDependencies": {
        "tslib": ">= 1.0.0"
      }
    },
    "node_modules/@microsoft/applicationinsights-shims": {
      "version": "3.0.1",
      "resolved": "https://registry.npmjs.org/@microsoft/applicationinsights-shims/-/applicationinsights-shims-3.0.1.tgz",
      "integrity": "sha512-DKwboF47H1nb33rSUfjqI6ryX29v+2QWcTrRvcQDA32AZr5Ilkr7whOOSsD1aBzwqX0RJEIP1Z81jfE3NBm/Lg==",
      "license": "MIT",
      "dependencies": {
        "@nevware21/ts-utils": ">= 0.9.4 < 2.x"
      }
    },
    "node_modules/@microsoft/applicationinsights-web-basic": {
      "version": "3.3.4",
      "resolved": "https://registry.npmjs.org/@microsoft/applicationinsights-web-basic/-/applicationinsights-web-basic-3.3.4.tgz",
      "integrity": "sha512-OpEPXr8vU/t/M8T9jvWJzJx/pCyygIiR1nGM/2PTde0wn7anl71Gxl5fWol7K/WwFEORNjkL3CEyWOyDc+28AA==",
      "license": "MIT",
      "dependencies": {
        "@microsoft/applicationinsights-channel-js": "3.3.4",
        "@microsoft/applicationinsights-common": "3.3.4",
        "@microsoft/applicationinsights-core-js": "3.3.4",
        "@microsoft/applicationinsights-shims": "3.0.1",
        "@microsoft/dynamicproto-js": "^2.0.3",
        "@nevware21/ts-async": ">= 0.5.2 < 2.x",
        "@nevware21/ts-utils": ">= 0.11.3 < 2.x"
      },
      "peerDependencies": {
        "tslib": ">= 1.0.0"
      }
    },
    "node_modules/@microsoft/dynamicproto-js": {
      "version": "2.0.3",
      "resolved": "https://registry.npmjs.org/@microsoft/dynamicproto-js/-/dynamicproto-js-2.0.3.tgz",
      "integrity": "sha512-JTWTU80rMy3mdxOjjpaiDQsTLZ6YSGGqsjURsY6AUQtIj0udlF/jYmhdLZu8693ZIC0T1IwYnFa0+QeiMnziBA==",
      "license": "MIT",
      "dependencies": {
        "@nevware21/ts-utils": ">= 0.10.4 < 2.x"
      }
    },
    "node_modules/@nevware21/ts-async": {
      "version": "0.5.4",
      "resolved": "https://registry.npmjs.org/@nevware21/ts-async/-/ts-async-0.5.4.tgz",
      "integrity": "sha512-IBTyj29GwGlxfzXw2NPnzty+w0Adx61Eze1/lknH/XIVdxtF9UnOpk76tnrHXWa6j84a1RR9hsOcHQPFv9qJjA==",
      "license": "MIT",
      "dependencies": {
        "@nevware21/ts-utils": ">= 0.11.6 < 2.x"
      }
    },
    "node_modules/@nevware21/ts-utils": {
      "version": "0.16.0",
      "resolved": "https://registry.npmjs.org/@nevware21/ts-utils/-/ts-utils-0.16.0.tgz",
      "integrity": "sha512-DDln15VUBSw5JjJlNno1UCSzgAGzHHklm7u695jXDCzwSn7W2F7B2VYHwLLcT1cOWQQBQAJK6e2/Y8oTG+W0Ig==",
      "funding": [
        {
          "type": "github",
          "url": "https://github.com/sponsors/nevware21"
        },
        {
          "type": "other",
          "url": "https://buymeacoffee.com/nevware21"
        }
      ],
      "license": "MIT"
    },
    "node_modules/@types/dompurify": {
      "version": "3.0.5",
      "resolved": "https://registry.npmjs.org/@types/dompurify/-/dompurify-3.0.5.tgz",
      "integrity": "sha512-1Wg0g3BtQF7sSb27fJQAKck1HECM6zV1EB66j8JH9i3LCjYabJa0FSdiSgsD5K/RbrsR0SiraKacLB+T8ZVYAg==",
      "dev": true,
      "dependencies": {
        "@types/trusted-types": "*"
      }
    },
    "node_modules/@types/linkify-it": {
      "version": "5.0.0",
      "resolved": "https://registry.npmjs.org/@types/linkify-it/-/linkify-it-5.0.0.tgz",
      "integrity": "sha512-sVDA58zAw4eWAffKOaQH5/5j3XeayukzDk+ewSsnv3p4yJEZHCCzMDiZM8e0OUrRvmpGZ85jf4yDHkHsgBNr9Q==",
      "dev": true
    },
    "node_modules/@types/lodash": {
      "version": "4.14.104",
      "resolved": "https://registry.npmjs.org/@types/lodash/-/lodash-4.14.104.tgz",
      "integrity": "sha512-ufQcVg4daO8xQ5kopxRHanqFdL4AI7ondQkV+2f+7mz3gvp0LkBx2zBRC6hfs3T87mzQFmf5Fck7Fi145Ul6NQ==",
      "dev": true
    },
    "node_modules/@types/lodash.throttle": {
      "version": "4.1.9",
      "resolved": "https://registry.npmjs.org/@types/lodash.throttle/-/lodash.throttle-4.1.9.tgz",
      "integrity": "sha512-PCPVfpfueguWZQB7pJQK890F2scYKoDUL3iM522AptHWn7d5NQmeS/LTEHIcLr5PaTzl3dK2Z0xSUHHTHwaL5g==",
      "dev": true,
      "license": "MIT",
      "dependencies": {
        "@types/lodash": "*"
      }
    },
    "node_modules/@types/markdown-it": {
      "version": "12.2.3",
      "resolved": "https://registry.npmjs.org/@types/markdown-it/-/markdown-it-12.2.3.tgz",
      "integrity": "sha512-GKMHFfv3458yYy+v/N8gjufHO6MSZKCOXpZc5GXIWWy8uldwfmPn98vp81gZ5f9SVw8YYBctgfJ22a2d7AOMeQ==",
      "dev": true,
      "dependencies": {
        "@types/linkify-it": "*",
        "@types/mdurl": "*"
      }
    },
    "node_modules/@types/mdurl": {
      "version": "2.0.0",
      "resolved": "https://registry.npmjs.org/@types/mdurl/-/mdurl-2.0.0.tgz",
      "integrity": "sha512-RGdgjQUZba5p6QEFAVx2OGb8rQDL/cPRG7GiedRzMcJ1tYnUANBncjbSB1NRGwbvjcPeikRABz2nshyPk1bhWg==",
      "dev": true
    },
    "node_modules/@types/picomatch": {
      "version": "2.3.0",
      "resolved": "https://registry.npmjs.org/@types/picomatch/-/picomatch-2.3.0.tgz",
      "integrity": "sha512-O397rnSS9iQI4OirieAtsDqvCj4+3eY1J+EPdNTKuHuRWIfUoGyzX294o8C4KJYaLqgSrd2o60c5EqCU8Zv02g==",
      "dev": true
    },
    "node_modules/@types/trusted-types": {
      "version": "2.0.7",
      "resolved": "https://registry.npmjs.org/@types/trusted-types/-/trusted-types-2.0.7.tgz",
      "integrity": "sha512-ScaPdn1dQczgbl0QFTeTOmVHFULt394XJgOQNoyVhZ6r2vLnMLJfBPd53SB52T/3G36VI1/g2MZaX0cwDuXsfw==",
      "devOptional": true,
      "license": "MIT"
    },
    "node_modules/@types/vscode-notebook-renderer": {
      "version": "1.60.0",
      "resolved": "https://registry.npmjs.org/@types/vscode-notebook-renderer/-/vscode-notebook-renderer-1.60.0.tgz",
      "integrity": "sha512-u7TD2uuEZTVuitx0iijOJdKI0JLiQP6PsSBSRy2XmHXUOXcp5p1S56NrjOEDoF+PIHd3NL3eO6KTRSf5nukDqQ==",
      "dev": true
    },
    "node_modules/@types/vscode-webview": {
      "version": "1.57.0",
      "resolved": "https://registry.npmjs.org/@types/vscode-webview/-/vscode-webview-1.57.0.tgz",
      "integrity": "sha512-x3Cb/SMa1IwRHfSvKaZDZOTh4cNoG505c3NjTqGlMC082m++x/ETUmtYniDsw6SSmYzZXO8KBNhYxR0+VqymqA==",
      "dev": true
    },
    "node_modules/@vscode/extension-telemetry": {
      "version": "0.9.8",
      "resolved": "https://registry.npmjs.org/@vscode/extension-telemetry/-/extension-telemetry-0.9.8.tgz",
      "integrity": "sha512-7YcKoUvmHlIB8QYCE4FNzt3ErHi9gQPhdCM3ZWtpw1bxPT0I+lMdx52KHlzTNoJzQ2NvMX7HyzyDwBEiMgTrWQ==",
      "license": "MIT",
      "dependencies": {
        "@microsoft/1ds-core-js": "^4.3.4",
        "@microsoft/1ds-post-js": "^4.3.4",
        "@microsoft/applicationinsights-web-basic": "^3.3.4"
      },
      "engines": {
        "vscode": "^1.75.0"
      }
    },
    "node_modules/@vscode/l10n": {
      "version": "0.0.11",
      "resolved": "https://registry.npmjs.org/@vscode/l10n/-/l10n-0.0.11.tgz",
      "integrity": "sha512-ukOMWnCg1tCvT7WnDfsUKQOFDQGsyR5tNgRpwmqi+5/vzU3ghdDXzvIM4IOPdSb3OeSsBNvmSL8nxIVOqi2WXA=="
    },
    "node_modules/@vscode/markdown-it-katex": {
      "version": "1.1.1",
      "resolved": "https://registry.npmjs.org/@vscode/markdown-it-katex/-/markdown-it-katex-1.1.1.tgz",
      "integrity": "sha512-3KTlbsRBPJQLE2YmLL7K6nunTlU+W9T5+FjfNdWuIUKgxSS6HWLQHaO3L4MkJi7z7MpIPpY+g4N+cWNBPE/MSA==",
      "dev": true,
      "license": "MIT",
      "dependencies": {
        "katex": "^0.16.4"
      }
    },
    "node_modules/argparse": {
      "version": "2.0.1",
      "resolved": "https://registry.npmjs.org/argparse/-/argparse-2.0.1.tgz",
      "integrity": "sha512-8+9WqebbFzpX9OR+Wa6O29asIogeRMzcGtAINdpMHHyAg10f05aSFVBbcEqGf/PXw1EjAZ+q2/bEBg3DvurK3Q=="
    },
    "node_modules/balanced-match": {
      "version": "4.0.4",
      "resolved": "https://registry.npmjs.org/balanced-match/-/balanced-match-4.0.4.tgz",
      "integrity": "sha512-BLrgEcRTwX2o6gGxGOCNyMvGSp35YofuYzw9h1IMTRmKqttAZZVU67bdb9Pr2vUHA8+j3i2tJfjO6C6+4myGTA==",
      "license": "MIT",
      "engines": {
        "node": "18 || 20 || >=22"
      }
    },
    "node_modules/boolbase": {
      "version": "1.0.0",
      "resolved": "https://registry.npmjs.org/boolbase/-/boolbase-1.0.0.tgz",
      "integrity": "sha512-JZOSA7Mo9sNGB8+UjSgzdLtokWAky1zbztM3WRLCbZ70/3cTANmQmOdR7y2g+J0e2WXywy1yS468tY+IruqEww==",
      "license": "ISC"
    },
    "node_modules/brace-expansion": {
      "version": "5.0.8",
      "resolved": "https://registry.npmjs.org/brace-expansion/-/brace-expansion-5.0.8.tgz",
      "integrity": "sha512-JZyDyq3D4AUifKTPOB7DELf6XsB3WdPuNxCtob1vFXPsSXhdAiHBWJ/tJ8HAc9aH84BK+5JFZLNkJKx3G9kzQg==",
      "license": "MIT",
      "dependencies": {
        "balanced-match": "^4.0.2"
      },
      "engines": {
        "node": "20 || >=22"
      }
    },
    "node_modules/commander": {
      "version": "8.3.0",
      "resolved": "https://registry.npmjs.org/commander/-/commander-8.3.0.tgz",
      "integrity": "sha512-OkTL9umf+He2DZkUq8f8J9of7yL6RJKI24dVITBmNfZBmri9zYZQrKkuXiKhyfPSu8tUhnVBB1iKXevvnlR4Ww==",
      "dev": true,
      "license": "MIT",
      "engines": {
        "node": ">= 12"
      }
    },
    "node_modules/css-select": {
      "version": "5.2.2",
      "resolved": "https://registry.npmjs.org/css-select/-/css-select-5.2.2.tgz",
      "integrity": "sha512-TizTzUddG/xYLA3NXodFM0fSbNizXjOKhqiQQwvhlspadZokn1KDy0NZFS0wuEubIYAV5/c1/lAr0TaaFXEXzw==",
      "license": "BSD-2-Clause",
      "dependencies": {
        "boolbase": "^1.0.0",
        "css-what": "^6.1.0",
        "domhandler": "^5.0.2",
        "domutils": "^3.0.1",
        "nth-check": "^2.0.1"
      },
      "funding": {
        "url": "https://github.com/sponsors/fb55"
      }
    },
    "node_modules/css-what": {
      "version": "6.2.2",
      "resolved": "https://registry.npmjs.org/css-what/-/css-what-6.2.2.tgz",
      "integrity": "sha512-u/O3vwbptzhMs3L1fQE82ZSLHQQfto5gyZzwteVIEyeaY5Fc7R4dapF/BvRoSYFeqfBk4m0V1Vafq5Pjv25wvA==",
      "license": "BSD-2-Clause",
      "engines": {
        "node": ">= 6"
      },
      "funding": {
        "url": "https://github.com/sponsors/fb55"
      }
    },
    "node_modules/dom-serializer": {
      "version": "2.0.0",
      "resolved": "https://registry.npmjs.org/dom-serializer/-/dom-serializer-2.0.0.tgz",
      "integrity": "sha512-wIkAryiqt/nV5EQKqQpo3SToSOV9J0DnbJqwK7Wv/Trc92zIAYZ4FlMu+JPFW1DfGFt81ZTCGgDEabffXeLyJg==",
      "license": "MIT",
      "dependencies": {
        "domelementtype": "^2.3.0",
        "domhandler": "^5.0.2",
        "entities": "^4.2.0"
      },
      "funding": {
        "url": "https://github.com/cheeriojs/dom-serializer?sponsor=1"
      }
    },
    "node_modules/domelementtype": {
      "version": "2.3.0",
      "resolved": "https://registry.npmjs.org/domelementtype/-/domelementtype-2.3.0.tgz",
      "integrity": "sha512-OLETBj6w0OsagBwdXnPdN0cnMfF9opN69co+7ZrbfPGrdpPVNBUj02spi6B1N7wChLQiPn4CSH/zJvXw56gmHw==",
      "funding": [
        {
          "type": "github",
          "url": "https://github.com/sponsors/fb55"
        }
      ],
      "license": "BSD-2-Clause"
    },
    "node_modules/domhandler": {
      "version": "5.0.3",
      "resolved": "https://registry.npmjs.org/domhandler/-/domhandler-5.0.3.tgz",
      "integrity": "sha512-cgwlv/1iFQiFnU96XXgROh8xTeetsnJiDsTc7TYCLFd9+/WNkIqPTxiM/8pSd8VIrhXGTf1Ny1q1hquVqDJB5w==",
      "license": "BSD-2-Clause",
      "dependencies": {
        "domelementtype": "^2.3.0"
      },
      "engines": {
        "node": ">= 4"
      },
      "funding": {
        "url": "https://github.com/fb55/domhandler?sponsor=1"
      }
    },
    "node_modules/dompurify": {
      "version": "3.4.12",
      "resolved": "https://registry.npmjs.org/dompurify/-/dompurify-3.4.12.tgz",
      "integrity": "sha512-zQvGet8Z2sWbQhCmfFz/T5QWH2oBmjnqK3qvOjaqaNLrLEF912WamU+ohnTp0TCep/MFVHpdJuCZEdFOdTnEFg==",
      "license": "(MPL-2.0 OR Apache-2.0)",
      "optionalDependencies": {
        "@types/trusted-types": "^2.0.7"
      }
    },
    "node_modules/domutils": {
      "version": "3.2.2",
      "resolved": "https://registry.npmjs.org/domutils/-/domutils-3.2.2.tgz",
      "integrity": "sha512-6kZKyUajlDuqlHKVX1w7gyslj9MPIXzIFiz/rGu35uC1wMi+kMhQwGhl4lt9unC9Vb9INnY9Z3/ZA3+FhASLaw==",
      "license": "BSD-2-Clause",
      "dependencies": {
        "dom-serializer": "^2.0.0",
        "domelementtype": "^2.3.0",
        "domhandler": "^5.0.3"
      },
      "funding": {
        "url": "https://github.com/fb55/domutils?sponsor=1"
      }
    },
    "node_modules/entities": {
      "version": "4.5.0",
      "resolved": "https://registry.npmjs.org/entities/-/entities-4.5.0.tgz",
      "integrity": "sha512-V0hjH4dGPh9Ao5p0MoRY6BVqtwCjhz6vI5LT8AJ55H+4g9/4vbHx1I54fS0XuclLhDHArPQCiMjDxjaL8fPxhw==",
      "license": "BSD-2-Clause",
      "engines": {
        "node": ">=0.12"
      },
      "funding": {
        "url": "https://github.com/fb55/entities?sponsor=1"
      }
    },
    "node_modules/he": {
      "version": "1.2.0",
      "resolved": "https://registry.npmjs.org/he/-/he-1.2.0.tgz",
      "integrity": "sha512-F/1DnUGPopORZi0ni+CvrCgHQ5FyEAHRLSApuYWMmrbSwoN2Mn/7k+Gl38gJnR7yyDZk6WLXwiGod1JOWNDKGw==",
      "license": "MIT",
      "bin": {
        "he": "bin/he"
      }
    },
    "node_modules/highlight.js": {
      "version": "11.8.0",
      "resolved": "https://registry.npmjs.org/highlight.js/-/highlight.js-11.8.0.tgz",
      "integrity": "sha512-MedQhoqVdr0U6SSnWPzfiadUcDHfN/Wzq25AkXiQv9oiOO/sG0S7XkvpFIqWBl9Yq1UYyYOOVORs5UW2XlPyzg==",
      "engines": {
        "node": ">=12.0.0"
      }
    },
    "node_modules/katex": {
      "version": "0.16.21",
      "resolved": "https://registry.npmjs.org/katex/-/katex-0.16.21.tgz",
      "integrity": "sha512-XvqR7FgOHtWupfMiigNzmh+MgUVmDGU2kXZm899ZkPfcuoPuFxyHmXsgATDpFZDAXCI8tvinaVcDo8PIIJSo4A==",
      "dev": true,
      "funding": [
        "https://opencollective.com/katex",
        "https://github.com/sponsors/katex"
      ],
      "license": "MIT",
      "dependencies": {
        "commander": "^8.3.0"
      },
      "bin": {
        "katex": "cli.js"
      }
    },
    "node_modules/linkify-it": {
      "version": "5.0.2",
      "resolved": "https://registry.npmjs.org/linkify-it/-/linkify-it-5.0.2.tgz",
      "integrity": "sha512-ONTm2jCMAVZjgQa/Fy1kScXsuOoF5NPTsoFBdE1KVIZ2vAh/r9+Bqo+0jINCBYnavTPQZz38QzFTme79ENoN3Q==",
      "funding": [
        {
          "type": "github",
          "url": "https://github.com/sponsors/puzrin"
        },
        {
          "type": "github",
          "url": "https://github.com/sponsors/markdown-it"
        }
      ],
      "license": "MIT",
      "dependencies": {
        "uc.micro": "^2.0.0"
      }
    },
    "node_modules/lodash.throttle": {
      "version": "4.1.1",
      "resolved": "https://registry.npmjs.org/lodash.throttle/-/lodash.throttle-4.1.1.tgz",
      "integrity": "sha1-wj6RtxAkKscMN/HhzaknTMOb8vQ= sha512-wIkUCfVKpVsWo3JSZlc+8MB5it+2AN5W8J7YVMST30UrvcQNZ1Okbj+rbVniijTWE6FGYy4XJq/rHkas8qJMLQ==",
      "dev": true
    },
    "node_modules/markdown-it": {
      "version": "14.3.0",
      "resolved": "https://registry.npmjs.org/markdown-it/-/markdown-it-14.3.0.tgz",
      "integrity": "sha512-RCEsPjR+sr0x+AuYp601tKTkgFG4YEPLCzHST3cQ/fhlJkqAkz1L2/Qbp1j9qw5SBwQHFBoW8+hoN5xssOF0Tw==",
      "funding": [
        {
          "type": "github",
          "url": "https://github.com/sponsors/puzrin"
        },
        {
          "type": "github",
          "url": "https://github.com/sponsors/markdown-it"
        }
      ],
      "license": "MIT",
      "dependencies": {
        "argparse": "^2.0.1",
        "entities": "^4.5.0",
        "linkify-it": "^5.0.2",
        "mdurl": "^2.0.0",
        "punycode.js": "^2.3.1",
        "uc.micro": "^2.1.0"
      },
      "bin": {
        "markdown-it": "bin/markdown-it.mjs"
      }
    },
    "node_modules/markdown-it-front-matter": {
      "version": "0.2.4",
      "resolved": "https://registry.npmjs.org/markdown-it-front-matter/-/markdown-it-front-matter-0.2.4.tgz",
      "integrity": "sha512-25GUs0yjS2hLl8zAemVndeEzThB1p42yxuDEKbd4JlL3jiz+jsm6e56Ya8B0VREOkNxLYB4TTwaoPJ3ElMmW+w=="
    },
    "node_modules/mdurl": {
      "version": "2.1.0",
      "resolved": "https://registry.npmjs.org/mdurl/-/mdurl-2.1.0.tgz",
      "integrity": "sha512-1+HBaOx0zi/dQWht8rNv9MYf9qqpqL/kxI0hXImU6Y547zM6Sni8BQibt7ifgMcYtQg41ao3Ivd6cnSM86inpg==",
      "license": "MIT"
    },
    "node_modules/minimatch": {
      "version": "10.2.6",
      "resolved": "https://registry.npmjs.org/minimatch/-/minimatch-10.2.6.tgz",
      "integrity": "sha512-vpLQEs+VLCr1nU0BXS07maYoFwlDAH0gngQuuttxIwutDFEMHq2blX+8vpgxDdK3J1PwjCJiep77OitTZ4Ll1A==",
      "license": "BlueOak-1.0.0",
      "dependencies": {
        "brace-expansion": "^5.0.8"
      },
      "engines": {
        "node": "18 || 20 || >=22"
      },
      "funding": {
        "url": "https://github.com/sponsors/isaacs"
      }
    },
    "node_modules/morphdom": {
      "version": "2.7.4",
      "resolved": "https://registry.npmjs.org/morphdom/-/morphdom-2.7.4.tgz",
      "integrity": "sha512-ATTbWMgGa+FaMU3FhnFYB6WgulCqwf6opOll4CBzmVDTLvPMmUPrEv8CudmLPK0MESa64+6B89fWOxP3+YIlxQ==",
      "license": "MIT"
    },
    "node_modules/node-html-parser": {
      "version": "6.1.13",
      "resolved": "https://registry.npmjs.org/node-html-parser/-/node-html-parser-6.1.13.tgz",
      "integrity": "sha512-qIsTMOY4C/dAa5Q5vsobRpOOvPfC4pB61UVW2uSwZNUp0QU/jCekTal1vMmbO0DgdHeLUJpv/ARmDqErVxA3Sg==",
      "license": "MIT",
      "dependencies": {
        "css-select": "^5.1.0",
        "he": "1.2.0"
      }
    },
    "node_modules/nth-check": {
      "version": "2.1.1",
      "resolved": "https://registry.npmjs.org/nth-check/-/nth-check-2.1.1.tgz",
      "integrity": "sha512-lqjrjmaOoAnWfMmBPL+XNnynZh2+swxiX3WUE0s4yEHI6m+AwrK2UZOimIRl3X/4QctVqS8AiZjFqyOGrMXb/w==",
      "license": "BSD-2-Clause",
      "dependencies": {
        "boolbase": "^1.0.0"
      },
      "funding": {
        "url": "https://github.com/fb55/nth-check?sponsor=1"
      }
    },
    "node_modules/picomatch": {
      "version": "2.3.1",
      "resolved": "https://registry.npmjs.org/picomatch/-/picomatch-2.3.1.tgz",
      "integrity": "sha512-JU3teHTNjmE2VCGFzuY8EXzCDVwEqB2a8fsIvwaStHhAWJEeVd1o1QD80CU6+ZdEXXSLbSsuLwJjkCBWqRQUVA==",
      "engines": {
        "node": ">=8.6"
      },
      "funding": {
        "url": "https://github.com/sponsors/jonschlinkert"
      }
    },
    "node_modules/punycode": {
      "version": "2.3.1",
      "resolved": "https://registry.npmjs.org/punycode/-/punycode-2.3.1.tgz",
      "integrity": "sha512-vYt7UD1U9Wg6138shLtLOvdAu+8DsC/ilFtEVHcH+wydcSpNE20AfSOduf6MkRFahL5FY7X1oU7nKVZFtfq8Fg==",
      "engines": {
        "node": ">=6"
      }
    },
    "node_modules/punycode.js": {
      "version": "2.3.1",
      "resolved": "https://registry.npmjs.org/punycode.js/-/punycode.js-2.3.1.tgz",
      "integrity": "sha512-uxFIHU0YlHYhDQtV4R9J6a52SLx28BCjT+4ieh7IGbgwVJWO+km431c4yRlREUAsAmt/uMjQUyQHNEPf0M39CA==",
      "license": "MIT",
      "engines": {
        "node": ">=6"
      }
    },
    "node_modules/semver": {
      "version": "7.8.5",
      "resolved": "https://registry.npmjs.org/semver/-/semver-7.8.5.tgz",
      "integrity": "sha512-Y7/KDsb8LjooZpwaqGyulO6DQlksgCncchHGk+sZIY4SBvUocMBEFH5Ur1fI4dV+Jvl0w6cjvucaIi40puRioA==",
      "license": "ISC",
      "bin": {
        "semver": "bin/semver.js"
      },
      "engines": {
        "node": ">=10"
      }
    },
    "node_modules/uc.micro": {
      "version": "2.1.0",
      "resolved": "https://registry.npmjs.org/uc.micro/-/uc.micro-2.1.0.tgz",
      "integrity": "sha512-ARDJmphmdvUk6Glw7y9DQ2bFkKBHwQHLi2lsaH6PPmz/Ka9sFOBsBluozhDltWmnv9u/cF6Rt87znRTPV+yp/A==",
      "license": "MIT"
    },
    "node_modules/vscode-jsonrpc": {
      "version": "9.0.1",
      "resolved": "https://registry.npmjs.org/vscode-jsonrpc/-/vscode-jsonrpc-9.0.1.tgz",
      "integrity": "sha512-rfuA6T75H6m5EkbhtEPzre9pT0HPcDI2MMy4+nPFIBks5J8JBAUHD4tRYSgaBOijIEC7SRkC1kKyXTLqbmh9jw==",
      "license": "MIT",
      "engines": {
        "node": ">=14.0.0"
      }
    },
    "node_modules/vscode-languageclient": {
      "version": "10.1.0",
      "resolved": "https://registry.npmjs.org/vscode-languageclient/-/vscode-languageclient-10.1.0.tgz",
      "integrity": "sha512-XXRx6lqVitQy/oOLr9MfNYRG+MbQkhXkDaxbQMiKxEm8zZNfheRFUKNb8UYNh2stn9btl2wQM5wZFJjJvoc+jA==",
      "license": "MIT",
      "dependencies": {
        "minimatch": "^10.2.5",
        "semver": "^7.8.1",
        "vscode-languageserver-protocol": "3.18.2",
        "vscode-languageserver-textdocument": "1.0.13"
      },
      "engines": {
        "vscode": "^1.91.0"
      }
    },
    "node_modules/vscode-languageserver": {
      "version": "8.1.0",
      "resolved": "https://registry.npmjs.org/vscode-languageserver/-/vscode-languageserver-8.1.0.tgz",
      "integrity": "sha512-eUt8f1z2N2IEUDBsKaNapkz7jl5QpskN2Y0G01T/ItMxBxw1fJwvtySGB9QMecatne8jFIWJGWI61dWjyTLQsw==",
      "dependencies": {
        "vscode-languageserver-protocol": "3.17.3"
      },
      "bin": {
        "installServerIntoExtension": "bin/installServerIntoExtension"
      }
    },
    "node_modules/vscode-languageserver-protocol": {
      "version": "3.18.2",
      "resolved": "https://registry.npmjs.org/vscode-languageserver-protocol/-/vscode-languageserver-protocol-3.18.2.tgz",
      "integrity": "sha512-XRyDbT0Pp3sSNti3JmxVEUMySWCSi1hhM+/KUlCy1hV1zmrqpM1OwO12EAki8blhmLuIMpaJrYbo0OzGVfK2Qg==",
      "license": "MIT",
      "dependencies": {
        "vscode-jsonrpc": "9.0.1",
        "vscode-languageserver-types": "3.18.0"
      }
    },
    "node_modules/vscode-languageserver-textdocument": {
      "version": "1.0.13",
      "resolved": "https://registry.npmjs.org/vscode-languageserver-textdocument/-/vscode-languageserver-textdocument-1.0.13.tgz",
      "integrity": "sha512-nx0ZHwMGIsVkzFG3/VLeJYBLTaFBRuNdGDvevvjuoayU5EOS2fEYazOhtCM3PI9ClMMg5igc0uwXtAq4tJj+Dw==",
      "license": "MIT"
    },
    "node_modules/vscode-languageserver-types": {
      "version": "3.18.0",
      "resolved": "https://registry.npmjs.org/vscode-languageserver-types/-/vscode-languageserver-types-3.18.0.tgz",
      "integrity": "sha512-8TsGPNMIMiiBdkORgRSvLjuiEIiAFtO+KssmYWxQ+uSVvlf7RjK8YKCOjPzZ+YA04jXEV7+7LvkSmHkhpNS99g==",
      "license": "MIT"
    },
    "node_modules/vscode-languageserver/node_modules/vscode-jsonrpc": {
      "version": "8.1.0",
      "resolved": "https://registry.npmjs.org/vscode-jsonrpc/-/vscode-jsonrpc-8.1.0.tgz",
      "integrity": "sha512-6TDy/abTQk+zDGYazgbIPc+4JoXdwC8NHU9Pbn4UJP1fehUyZmM4RHp5IthX7A6L5KS30PRui+j+tbbMMMafdw==",
      "engines": {
        "node": ">=14.0.0"
      }
    },
    "node_modules/vscode-languageserver/node_modules/vscode-languageserver-protocol": {
      "version": "3.17.3",
      "resolved": "https://registry.npmjs.org/vscode-languageserver-protocol/-/vscode-languageserver-protocol-3.17.3.tgz",
      "integrity": "sha512-924/h0AqsMtA5yK22GgMtCYiMdCOtWTSGgUOkgEDX+wk2b0x4sAfLiO4NxBxqbiVtz7K7/1/RgVrVI0NClZwqA==",
      "dependencies": {
        "vscode-jsonrpc": "8.1.0",
        "vscode-languageserver-types": "3.17.3"
      }
    },
    "node_modules/vscode-languageserver/node_modules/vscode-languageserver-types": {
      "version": "3.17.3",
      "resolved": "https://registry.npmjs.org/vscode-languageserver-types/-/vscode-languageserver-types-3.17.3.tgz",
      "integrity": "sha512-SYU4z1dL0PyIMd4Vj8YOqFvHu7Hz/enbWtpfnVbJHU4Nd1YNYx8u0ennumc6h48GQNeOLxmwySmnADouT/AuZA=="
    },
    "node_modules/vscode-markdown-languageserver": {
      "version": "0.5.0-alpha.12",
      "resolved": "https://registry.npmjs.org/vscode-markdown-languageserver/-/vscode-markdown-languageserver-0.5.0-alpha.12.tgz",
      "integrity": "sha512-cDRJKwWPZBHrrwufTHrhuZqGgBEGJcYo29Iwhvgh2BgTnIB+fp6Vs62LlqNUu25qsDjmZLLkIEQxntcX4kbfUQ==",
      "license": "MIT",
      "dependencies": {
        "@vscode/l10n": "^0.0.11",
        "vscode-languageserver": "^8.1.0",
        "vscode-languageserver-textdocument": "^1.0.8",
        "vscode-languageserver-types": "^3.17.3",
        "vscode-markdown-languageservice": "^0.5.0-alpha.11",
        "vscode-uri": "^3.0.7"
      },
      "engines": {
        "node": "*"
      }
    },
    "node_modules/vscode-markdown-languageserver/node_modules/vscode-markdown-languageservice": {
      "version": "0.5.0-alpha.11",
      "resolved": "https://registry.npmjs.org/vscode-markdown-languageservice/-/vscode-markdown-languageservice-0.5.0-alpha.11.tgz",
      "integrity": "sha512-P1uBMAD5iylgpcweWCU1kQwk8SZngktnljXsZk1vFPorXv1mrEI7BkBpOUU0fhVssKgvFlCNLkI7KmwZLC7pdA==",
      "license": "MIT",
      "dependencies": {
        "@vscode/l10n": "^0.0.10",
        "node-html-parser": "^6.1.5",
        "picomatch": "^2.3.1",
        "vscode-languageserver-protocol": "^3.17.1",
        "vscode-languageserver-textdocument": "^1.0.11",
        "vscode-uri": "^3.0.7"
      },
      "engines": {
        "node": "*"
      }
    },
    "node_modules/vscode-markdown-languageserver/node_modules/vscode-markdown-languageservice/node_modules/@vscode/l10n": {
      "version": "0.0.10",
      "resolved": "https://registry.npmjs.org/@vscode/l10n/-/l10n-0.0.10.tgz",
      "integrity": "sha512-E1OCmDcDWa0Ya7vtSjp/XfHFGqYJfh+YPC1RkATU71fTac+j1JjCcB3qwSzmlKAighx2WxhLlfhS0RwAN++PFQ==",
      "license": "MIT"
    },
    "node_modules/vscode-markdown-languageservice": {
      "version": "0.3.0-alpha.3",
      "resolved": "https://registry.npmjs.org/vscode-markdown-languageservice/-/vscode-markdown-languageservice-0.3.0-alpha.3.tgz",
      "integrity": "sha512-KPjIuCkSqabkzci7TnlLKep5FYIC45tS7UC5H8zoOii7aoKJru5mZBDXJt86bM3XTgnfpW7rUYqhNnvXbbCBbw==",
      "dev": true,
      "dependencies": {
        "@vscode/l10n": "^0.0.10",
        "picomatch": "^2.3.1",
        "vscode-languageserver-textdocument": "^1.0.5",
        "vscode-languageserver-types": "^3.17.1",
        "vscode-uri": "^3.0.3"
      },
      "engines": {
        "node": "*"
      }
    },
    "node_modules/vscode-markdown-languageservice/node_modules/@vscode/l10n": {
      "version": "0.0.10",
      "resolved": "https://registry.npmjs.org/@vscode/l10n/-/l10n-0.0.10.tgz",
      "integrity": "sha512-E1OCmDcDWa0Ya7vtSjp/XfHFGqYJfh+YPC1RkATU71fTac+j1JjCcB3qwSzmlKAighx2WxhLlfhS0RwAN++PFQ==",
      "dev": true
    },
    "node_modules/vscode-uri": {
      "version": "3.0.8",
      "resolved": "https://registry.npmjs.org/vscode-uri/-/vscode-uri-3.0.8.tgz",
      "integrity": "sha512-AyFQ0EVmsOZOlAnxoFOGOq1SQDWAB7C6aqMGS23svWAllfOaxbuFvcT8D1i8z3Gyn8fraVeZNNmN6e9bxxXkKw=="
    }
  }
}
